Microsoft Visual Studio Solution File, Format Version 12.00
# Visual Studio Version 17
VisualStudioVersion = 17.5.2.0
MinimumVisualStudioVersion = 10.0.40219.1
Project("{FAE04EC0-301F-11D3-BF4B-00C04F79EFBC}") = "Segunda aula do dia 21.08.25", "Segunda aula do dia 21.08.25.csproj", "{69A79EA8-C249-BF0C-CF66-69BE668B590F}"
EndProject
Global
	GlobalSection(SolutionConfigurationPlatforms) = preSolution
		Debug|Any CPU = Debug|Any CPU
		Release|Any CPU = Release|Any CPU
	EndGlobalSection
	GlobalSection(ProjectConfigurationPlatforms) = postSolution
		{69A79EA8-C249-BF0C-CF66-69BE668B590F}.Debug|Any CPU.ActiveCfg = Debug|Any CPU
		{69A79EA8-C249-BF0C-CF66-69BE668B590F}.Debug|Any CPU.Build.0 = Debug|Any CPU
		{69A79EA8-C249-BF0C-CF66-69BE668B590F}.Release|Any CPU.ActiveCfg = Release|Any CPU
		{69A79EA8-C249-BF0C-CF66-69BE668B590F}.Release|Any CPU.Build.0 = Release|Any CPU
	EndGlobalSection
	GlobalSection(SolutionProperties) = preSolution
		HideSolutionNode = FALSE
	EndGlobalSection
	GlobalSection(ExtensibilityGlobals) = postSolution
		SolutionGuid = {05BEA04E-767C-4496-B1F1-69CA03EC06E0}
	EndGlobalSection
EndGlobal
